
Microsoft Visual Studio Solution File, Format Version 12.00
# Visual Studio Version 17
VisualStudioVersion = 17.3.32901.215
MinimumVisualStudioVersion = 10.0.40219.1
Project("{888888A0-9F3D-457C-B088-3A5042F75D52}") = "PythonApplication40", "PythonApplication40\PythonApplication40.pyproj", "{35FDC341-3BBB-439C-B9E0-E0C0DBC46E6D}"
EndProject
Global
	GlobalSection(SolutionConfigurationPlatforms) = preSolution
		Debug|Any CPU = Debug|Any CPU
		Release|Any CPU = Release|Any CPU
	EndGlobalSection
	GlobalSection(ProjectConfigurationPlatforms) = postSolution
		{35FDC341-3BBB-439C-B9E0-E0C0DBC46E6D}.Debug|Any CPU.ActiveCfg = Debug|Any CPU
		{35FDC341-3BBB-439C-B9E0-E0C0DBC46E6D}.Release|Any CPU.ActiveCfg = Release|Any CPU
	EndGlobalSection
	GlobalSection(SolutionProperties) = preSolution
		HideSolutionNode = FALSE
	EndGlobalSection
	GlobalSection(ExtensibilityGlobals) = postSolution
		SolutionGuid = {1C165CCF-EDAB-49C9-9AC6-617D067E8EC4}
	EndGlobalSection
EndGlobal
