
Microsoft Visual Studio Solution File, Format Version 12.00
# Visual Studio Version 17
VisualStudioVersion = 17.3.32901.215
MinimumVisualStudioVersion = 10.0.40219.1
Project("{FAE04EC0-301F-11D3-BF4B-00C04F79EFBC}") = "TaskManager", "TaskManager\TaskManager.csproj", "{CEF30809-4720-4E5A-BC88-687CFA74D666}"
EndProject
Project("{FAE04EC0-301F-11D3-BF4B-00C04F79EFBC}") = "Process", "Process\Process.csproj", "{DAA61F98-7A43-43B2-8506-3AE29EDC3E73}"
EndProject
Global
	GlobalSection(SolutionConfigurationPlatforms) = preSolution
		Debug|Any CPU = Debug|Any CPU
		Release|Any CPU = Release|Any CPU
	EndGlobalSection
	GlobalSection(ProjectConfigurationPlatforms) = postSolution
		{CEF30809-4720-4E5A-BC88-687CFA74D666}.Debug|Any CPU.ActiveCfg = Debug|Any CPU
		{CEF30809-4720-4E5A-BC88-687CFA74D666}.Debug|Any CPU.Build.0 = Debug|Any CPU
		{CEF30809-4720-4E5A-BC88-687CFA74D666}.Release|Any CPU.ActiveCfg = Release|Any CPU
		{CEF30809-4720-4E5A-BC88-687CFA74D666}.Release|Any CPU.Build.0 = Release|Any CPU
		{DAA61F98-7A43-43B2-8506-3AE29EDC3E73}.Debug|Any CPU.ActiveCfg = Debug|Any CPU
		{DAA61F98-7A43-43B2-8506-3AE29EDC3E73}.Debug|Any CPU.Build.0 = Debug|Any CPU
		{DAA61F98-7A43-43B2-8506-3AE29EDC3E73}.Release|Any CPU.ActiveCfg = Release|Any CPU
		{DAA61F98-7A43-43B2-8506-3AE29EDC3E73}.Release|Any CPU.Build.0 = Release|Any CPU
	EndGlobalSection
	GlobalSection(SolutionProperties) = preSolution
		HideSolutionNode = FALSE
	EndGlobalSection
	GlobalSection(ExtensibilityGlobals) = postSolution
		SolutionGuid = {8AF2B8DF-86B9-4377-B172-34E55F2DF4BA}
	EndGlobalSection
EndGlobal
