
Microsoft Visual Studio Solution File, Format Version 12.00
# Visual Studio Version 17
VisualStudioVersion = 17.3.32901.215
MinimumVisualStudioVersion = 10.0.40219.1
Project("{888888A0-9F3D-457C-B088-3A5042F75D52}") = "PythonApplication39", "PythonApplication39\PythonApplication39.pyproj", "{7F6ADDFC-3B9C-4585-B0FE-CA3974FE306E}"
EndProject
Global
	GlobalSection(SolutionConfigurationPlatforms) = preSolution
		Debug|Any CPU = Debug|Any CPU
		Release|Any CPU = Release|Any CPU
	EndGlobalSection
	GlobalSection(ProjectConfigurationPlatforms) = postSolution
		{7F6ADDFC-3B9C-4585-B0FE-CA3974FE306E}.Debug|Any CPU.ActiveCfg = Debug|Any CPU
		{7F6ADDFC-3B9C-4585-B0FE-CA3974FE306E}.Release|Any CPU.ActiveCfg = Release|Any CPU
	EndGlobalSection
	GlobalSection(SolutionProperties) = preSolution
		HideSolutionNode = FALSE
	EndGlobalSection
	GlobalSection(ExtensibilityGlobals) = postSolution
		SolutionGuid = {1638C9DC-F391-45A6-A8A3-98D3D7F24E3E}
	EndGlobalSection
EndGlobal
